
Microsoft Visual Studio Solution File, Format Version 12.00
Project("{FAE04EC0-301F-11D3-BF4B-00C04F79EFBC}") = "DeliciousService", "DeliciousService\DeliciousService.csproj", "{87312E41-567D-4650-8C2D-AF9FF5F9DA7E}"
EndProject
Global
	GlobalSection(SolutionConfigurationPlatforms) = preSolution
		Debug|Any CPU = Debug|Any CPU
		Release|Any CPU = Release|Any CPU
	EndGlobalSection
	GlobalSection(ProjectConfigurationPlatforms) = postSolution
		{87312E41-567D-4650-8C2D-AF9FF5F9DA7E}.Debug|Any CPU.ActiveCfg = Debug|Any CPU
		{87312E41-567D-4650-8C2D-AF9FF5F9DA7E}.Debug|Any CPU.Build.0 = Debug|Any CPU
		{87312E41-567D-4650-8C2D-AF9FF5F9DA7E}.Release|Any CPU.ActiveCfg = Release|Any CPU
		{87312E41-567D-4650-8C2D-AF9FF5F9DA7E}.Release|Any CPU.Build.0 = Release|Any CPU
	EndGlobalSection
EndGlobal
